// !$*UTF8*$!
{
	archiveVersion = 1;
	classes = {
	};
	objectVersion = 50;
	objects = {

/* Begin PBXBuildFile section */
		454B260C210621AD00A1BB8A /* AppDelegate.swift in Sources */ = {isa = PBXBuildFile; fileRef = 454B260B210621AD00A1BB8A /* AppDelegate.swift */; };
		454B260E210621AD00A1BB8A /* ViewController.swift in Sources */ = {isa = PBXBuildFile; fileRef = 454B260D210621AD00A1BB8A /* ViewController.swift */; };
		454B2611210621AD00A1BB8A /* Main.storyboard in Resources */ = {isa = PBXBuildFile; fileRef = 454B260F210621AD00A1BB8A /* Main.storyboard */; };
		454B2613210621AF00A1BB8A /* Assets.xcassets in Resources */ = {isa = PBXBuildFile; fileRef = 454B2612210621AF00A1BB8A /* Assets.xcassets */; };
		454B2616210621AF00A1BB8A /* LaunchScreen.storyboard in Resources */ = {isa = PBXBuildFile; fileRef = 454B2614210621AF00A1BB8A /* LaunchScreen.storyboard */; };
		454B261E210623A700A1BB8A /* SwiftyJSON.swift in Sources */ = {isa = PBXBuildFile; fileRef = 454B261D210623A700A1BB8A /* SwiftyJSON.swift */; };
		454B26202106267900A1BB8A /* DetailViewController.swift in Sources */ = {isa = PBXBuildFile; fileRef = 454B261F2106267900A1BB8A /* DetailViewController.swift */; };
/* End PBXBuildFile section */

/* Begin PBXFileReference section */
		454B2608210621AD00A1BB8A /* Whitehouse Petitions.app */ = {isa = PBXFileReference; explicitFileType = wrapper.application; includeInIndex = 0; path = "Whitehouse Petitions.app"; sourceTree = BUILT_PRODUCTS_DIR; };
		454B260B210621AD00A1BB8A /* AppDelegate.swift */ = {isa = PBXFileReference; lastKnownFileType = sourcecode.swift; path = AppDelegate.swift; sourceTree = "<group>"; };
		454B260D210621AD00A1BB8A /* ViewController.swift */ = {isa = PBXFileReference; lastKnownFileType = sourcecode.swift; path = ViewController.swift; sourceTree = "<group>"; };
		454B2610210621AD00A1BB8A /* Base */ = {isa = PBXFileReference; lastKnownFileType = file.storyboard; name = Base; path = Base.lproj/Main.storyboard; sourceTree = "<group>"; };
		454B2612210621AF00A1BB8A /* Assets.xcassets */ = {isa = PBXFileReference; lastKnownFileType = folder.assetcatalog; path = Assets.xcassets; sourceTree = "<group>"; };
		454B2615210621AF00A1BB8A /* Base */ = {isa = PBXFileReference; lastKnownFileType = file.storyboard; name = Base; path = Base.lproj/LaunchScreen.storyboard; sourceTree = "<group>"; };
		454B2617210621AF00A1BB8A /* Info.plist */ = {isa = PBXFileReference; lastKnownFileType = text.plist.xml; path = Info.plist; sourceTree = "<group>"; };
		454B261D210623A700A1BB8A /* SwiftyJSON.swift */ = {isa = PBXFileReference; fileEncoding = 4; lastKnownFileType = sourcecode.swift; path = SwiftyJSON.swift; sourceTree = "<group>"; };
		454B261F2106267900A1BB8A /* DetailViewController.swift */ = {isa = PBXFileReference; lastKnownFileType = sourcecode.swift; path = DetailViewController.swift; sourceTree = "<group>"; };
/* End PBXFileReference section */

/* Begin PBXFrameworksBuildPhase section */
		454B2605210621AD00A1BB8A /* Frameworks */ = {
			isa = PBXFrameworksBuildPhase;
			buildActionMask = 2147483647;
			files = (
			);
			runOnlyForDeploymentPostprocessing = 0;
		};
/* End PBXFrameworksBuildPhase section */

/* Begin PBXGroup section */
		454B25FF210621AD00A1BB8A = {
			isa = PBXGroup;
			children = (
				454B260A210621AD00A1BB8A /* Whitehouse Petitions */,
				454B2609210621AD00A1BB8A /* Products */,
			);
			sourceTree = "<group>";
		};
		454B2609210621AD00A1BB8A /* Products */ = {
			isa = PBXGroup;
			children = (
				454B2608210621AD00A1BB8A /* Whitehouse Petitions.app */,
			);
			name = Products;
			sourceTree = "<group>";
		};
		454B260A210621AD00A1BB8A /* Whitehouse Petitions */ = {
			isa = PBXGroup;
			children = (
				454B260B210621AD00A1BB8A /* AppDelegate.swift */,
				454B260D210621AD00A1BB8A /* ViewController.swift */,
				454B261F2106267900A1BB8A /* DetailViewController.swift */,
				454B261D210623A700A1BB8A /* SwiftyJSON.swift */,
				454B260F210621AD00A1BB8A /* Main.storyboard */,
				454B2612210621AF00A1BB8A /* Assets.xcassets */,
				454B2614210621AF00A1BB8A /* LaunchScreen.storyboard */,
				454B2617210621AF00A1BB8A /* Info.plist */,
			);
			path = "Whitehouse Petitions";
			sourceTree = "<group>";
		};
/* End PBXGroup section */

/* Begin PBXNativeTarget section */
		454B2607210621AD00A1BB8A /* Whitehouse Petitions */ = {
			isa = PBXNativeTarget;
			buildConfigurationList = 454B261A210621AF00A1BB8A /* Build configuration list for PBXNativeTarget "Whitehouse Petitions" */;
			buildPhases = (
				454B2604210621AD00A1BB8A /* Sources */,
				454B2605210621AD00A1BB8A /* Frameworks */,
				454B2606210621AD00A1BB8A /* Resources */,
			);
			buildRules = (
			);
			dependencies = (
			);
			name = "Whitehouse Petitions";
			productName = "Whitehouse Petitions";
			productReference = 454B2608210621AD00A1BB8A /* Whitehouse Petitions.app */;
			productType = "com.apple.product-type.application";
		};
/* End PBXNativeTarget section */

/* Begin PBXProject section */
		454B2600210621AD00A1BB8A /* Project object */ = {
			isa = PBXProject;
			attributes = {
				LastSwiftUpdateCheck = 1000;
				LastUpgradeCheck = 1000;
				ORGANIZATIONNAME = "Piotr Sirek";
				TargetAttributes = {
					454B2607210621AD00A1BB8A = {
						CreatedOnToolsVersion = 10.0;
					};
				};
			};
			buildConfigurationList = 454B2603210621AD00A1BB8A /* Build configuration list for PBXProject "Whitehouse Petitions" */;
			compatibilityVersion = "Xcode 9.3";
			developmentRegion = en;
			hasScannedForEncodings = 0;
			knownRegions = (
				en,
				Base,
			);
			mainGroup = 454B25FF210621AD00A1BB8A;
			productRefGroup = 454B2609210621AD00A1BB8A /* Products */;
			projectDirPath = "";
			projectRoot = "";
			targets = (
				454B2607210621AD00A1BB8A /* Whitehouse Petitions */,
			);
		};
/* End PBXProject section */

/* Begin PBXResourcesBuildPhase section */
		454B2606210621AD00A1BB8A /* Resources */ = {
			isa = PBXResourcesBuildPhase;
			buildActionMask = 2147483647;
			files = (
				454B2616210621AF00A1BB8A /* LaunchScreen.storyboard in Resources */,
				454B2613210621AF00A1BB8A /* Assets.xcassets in Resources */,
				454B2611210621AD00A1BB8A /* Main.storyboard in Resources */,
			);
			runOnlyForDeploymentPostprocessing = 0;
		};
/* End PBXResourcesBuildPhase section */

/* Begin PBXSourcesBuildPhase section */
		454B2604210621AD00A1BB8A /* Sources */ = {
			isa = PBXSourcesBuildPhase;
			buildActionMask = 2147483647;
			files = (
				454B261E210623A700A1BB8A /* SwiftyJSON.swift in Sources */,
				454B260E210621AD00A1BB8A /* ViewController.swift in Sources */,
				454B260C210621AD00A1BB8A /* AppDelegate.swift in Sources */,
				454B26202106267900A1BB8A /* DetailViewController.swift in Sources */,
			);
			runOnlyForDeploymentPostprocessing = 0;
		};
/* End PBXSourcesBuildPhase section */

/* Begin PBXVariantGroup section */
		454B260F210621AD00A1BB8A /* Main.storyboard */ = {
			isa = PBXVariantGroup;
			children = (
				454B2610210621AD00A1BB8A /* Base */,
			);
			name = Main.storyboard;
			sourceTree = "<group>";
		};
		454B2614210621AF00A1BB8A /* LaunchScreen.storyboard */ = {
			isa = PBXVariantGroup;
			children = (
				454B2615210621AF00A1BB8A /* Base */,
			);
			name = LaunchScreen.storyboard;
			sourceTree = "<group>";
		};
/* End PBXVariantGroup section */

/* Begin XCBuildConfiguration section */
		454B2618210621AF00A1BB8A /* Debug */ = {
			isa = XCBuildConfiguration;
			buildSettings = {
				ALWAYS_SEARCH_USER_PATHS = NO;
				CLANG_ANALYZER_NONNULL = YES;
				CLANG_ANALYZER_NUMBER_OBJECT_CONVERSION = YES_AGGRESSIVE;
				CLANG_CXX_LANGUAGE_STANDARD = "gnu++14";
				CLANG_CXX_LIBRARY = "libc++";
				CLANG_ENABLE_MODULES = YES;
				CLANG_ENABLE_OBJC_ARC = YES;
				CLANG_ENABLE_OBJC_WEAK = YES;
				CLANG_WARN_BLOCK_CAPTURE_AUTORELEASING = YES;
				CLANG_WARN_BOOL_CONVERSION = YES;
				CLANG_WARN_COMMA = YES;
				CLANG_WARN_CONSTANT_CONVERSION = YES;
				CLANG_WARN_DEPRECATED_OBJC_IMPLEMENTATIONS = YES;
				CLANG_WARN_DIRECT_OBJC_ISA_USAGE = YES_ERROR;
				CLANG_WARN_DOCUMENTATION_COMMENTS = YES;
				CLANG_WARN_EMPTY_BODY = YES;
				CLANG_WARN_ENUM_CONVERSION = YES;
				CLANG_WARN_INFINITE_RECURSION = YES;
				CLANG_WARN_INT_CONVERSION = YES;
				CLANG_WARN_NON_LITERAL_NULL_CONVERSION = YES;
				CLANG_WARN_OBJC_IMPLICIT_RETAIN_SELF = YES;
				CLANG_WARN_OBJC_LITERAL_CONVERSION = YES;
				CLANG_WARN_OBJC_ROOT_CLASS = YES_ERROR;
				CLANG_WARN_RANGE_LOOP_ANALYSIS = YES;
				CLANG_WARN_STRICT_PROTOTYPES = YES;
				CLANG_WARN_SUSPICIOUS_MOVE = YES;
				CLANG_WARN_UNGUARDED_AVAILABILITY = YES_AGGRESSIVE;
				CLANG_WARN_UNREACHABLE_CODE = YES;
				CLANG_WARN__DUPLICATE_METHOD_MATCH = YES;
				CODE_SIGN_IDENTITY = "iPhone Developer";
				COPY_PHASE_STRIP = NO;
				DEBUG_INFORMATION_FORMAT = dwarf;
				ENABLE_STRICT_OBJC_MSGSEND = YES;
				ENABLE_TESTABILITY = YES;
				GCC_C_LANGUAGE_STANDARD = gnu11;
				GCC_DYNAMIC_NO_PIC = NO;
				GCC_NO_COMMON_BLOCKS = YES;
				GCC_OPTIMIZATION_LEVEL = 0;
				GCC_PREPROCESSOR_DEFINITIONS = (
					"DEBUG=1",
					"$(inherited)",
				);
				GCC_WARN_64_TO_32_BIT_CONVERSION = YES;
				GCC_WARN_ABOUT_RETURN_TYPE = YES_ERROR;
				GCC_WARN_UNDECLARED_SELECTOR = YES;
				GCC_WARN_UNINITIALIZED_AUTOS = YES_AGGRESSIVE;
				GCC_WARN_UNUSED_FUNCTION = YES;
				GCC_WARN_UNUSED_VARIABLE = YES;
				IPHONEOS_DEPLOYMENT_TARGET = 12.0;
				MTL_ENABLE_DEBUG_INFO = INCLUDE_SOURCE;
				ONLY_ACTIVE_ARCH = YES;
				SDKROOT = iphoneos;
				SWIFT_ACTIVE_COMPILATION_CONDITIONS = DEBUG;
				SWIFT_OPTIMIZATION_LEVEL = "-Onone";
			};
			name = Debug;
		};
		454B2619210621AF00A1BB8A /* Release */ = {
			isa = XCBuildConfiguration;
			buildSettings = {
				ALWAYS_SEARCH_USER_PATHS = NO;
				CLANG_ANALYZER_NONNULL = YES;
				CLANG_ANALYZER_NUMBER_OBJECT_CONVERSION = YES_AGGRESSIVE;
				CLANG_CXX_LANGUAGE_STANDARD = "gnu++14";
				CLANG_CXX_LIBRARY = "libc++";
				CLANG_ENABLE_MODULES = YES;
				CLANG_ENABLE_OBJC_ARC = YES;
				CLANG_ENABLE_OBJC_WEAK = YES;
				CLANG_WARN_BLOCK_CAPTURE_AUTORELEASING = YES;
				CLANG_WARN_BOOL_CONVERSION = YES;
				CLANG_WARN_COMMA = YES;
				CLANG_WARN_CONSTANT_CONVERSION = YES;
				CLANG_WARN_DEPRECATED_OBJC_IMPLEMENTATIONS = YES;
				CLANG_WARN_DIRECT_OBJC_ISA_USAGE = YES_ERROR;
				CLANG_WARN_DOCUMENTATION_COMMENTS = YES;
				CLANG_WARN_EMPTY_BODY = YES;
				CLANG_WARN_ENUM_CONVERSION = YES;
				CLANG_WARN_INFINITE_RECURSION = YES;
				CLANG_WARN_INT_CONVERSION = YES;
				CLANG_WARN_NON_LITERAL_NULL_CONVERSION = YES;
				CLANG_WARN_OBJC_IMPLICIT_RETAIN_SELF = YES;
				CLANG_WARN_OBJC_LITERAL_CONVERSION = YES;
				CLANG_WARN_OBJC_ROOT_CLASS = YES_ERROR;
				CLANG_WARN_RANGE_LOOP_ANALYSIS = YES;
				CLANG_WARN_STRICT_PROTOTYPES = YES;
				CLANG_WARN_SUSPICIOUS_MOVE = YES;
				CLANG_WARN_UNGUARDED_AVAILABILITY = YES_AGGRESSIVE;
				CLANG_WARN_UNREACHABLE_CODE = YES;
				CLANG_WARN__DUPLICATE_METHOD_MATCH = YES;
				CODE_SIGN_IDENTITY = "iPhone Developer";
				COPY_PHASE_STRIP = NO;
				DEBUG_INFORMATION_FORMAT = "dwarf-with-dsym";
				ENABLE_NS_ASSERTIONS = NO;
				ENABLE_STRICT_OBJC_MSGSEND = YES;
				GCC_C_LANGUAGE_STANDARD = gnu11;
				GCC_NO_COMMON_BLOCKS = YES;
				GCC_WARN_64_TO_32_BIT_CONVERSION = YES;
				GCC_WARN_ABOUT_RETURN_TYPE = YES_ERROR;
				GCC_WARN_UNDECLARED_SELECTOR = YES;
				GCC_WARN_UNINITIALIZED_AUTOS = YES_AGGRESSIVE;
				GCC_WARN_UNUSED_FUNCTION = YES;
				GCC_WARN_UNUSED_VARIABLE = YES;
				IPHONEOS_DEPLOYMENT_TARGET = 12.0;
				MTL_ENABLE_DEBUG_INFO = NO;
				SDKROOT = iphoneos;
				SWIFT_COMPILATION_MODE = wholemodule;
				SWIFT_OPTIMIZATION_LEVEL = "-O";
				VALIDATE_PRODUCT = YES;
			};
			name = Release;
		};
		454B261B210621AF00A1BB8A /* Debug */ = {
			isa = XCBuildConfiguration;
			buildSettings = {
				ASSETCATALOG_COMPILER_APPICON_NAME = AppIcon;
				CODE_SIGN_STYLE = Automatic;
				DEVELOPMENT_TEAM = 5989FAYJSD;
				INFOPLIST_FILE = "Whitehouse Petitions/Info.plist";
				LD_RUNPATH_SEARCH_PATHS = (
					"$(inherited)",
					"@executable_path/Frameworks",
				);
				PRODUCT_BUNDLE_IDENTIFIER = "piotrsirek.Whitehouse-Petitions";
				PRODUCT_NAME = "$(TARGET_NAME)";
				SWIFT_VERSION = 4.2;
				TARGETED_DEVICE_FAMILY = "1,2";
			};
			name = Debug;
		};
		454B261C210621AF00A1BB8A /* Release */ = {
			isa = XCBuildConfiguration;
			buildSettings = {
				ASSETCATALOG_COMPILER_APPICON_NAME = AppIcon;
				CODE_SIGN_STYLE = Automatic;
				DEVELOPMENT_TEAM = 5989FAYJSD;
				INFOPLIST_FILE = "Whitehouse Petitions/Info.plist";
				LD_RUNPATH_SEARCH_PATHS = (
					"$(inherited)",
					"@executable_path/Frameworks",
				);
				PRODUCT_BUNDLE_IDENTIFIER = "piotrsirek.Whitehouse-Petitions";
				PRODUCT_NAME = "$(TARGET_NAME)";
				SWIFT_VERSION = 4.2;
				TARGETED_DEVICE_FAMILY = "1,2";
			};
			name = Release;
		};
/* End XCBuildConfiguration section */

/* Begin XCConfigurationList section */
		454B2603210621AD00A1BB8A /* Build configuration list for PBXProject "Whitehouse Petitions" */ = {
			isa = XCConfigurationList;
			buildConfigurations = (
				454B2618210621AF00A1BB8A /* Debug */,
				454B2619210621AF00A1BB8A /* Release */,
			);
			defaultConfigurationIsVisible = 0;
			defaultConfigurationName = Release;
		};
		454B261A210621AF00A1BB8A /* Build configuration list for PBXNativeTarget "Whitehouse Petitions" */ = {
			isa = XCConfigurationList;
			buildConfigurations = (
				454B261B210621AF00A1BB8A /* Debug */,
				454B261C210621AF00A1BB8A /* Release */,
			);
			defaultConfigurationIsVisible = 0;
			defaultConfigurationName = Release;
		};
/* End XCConfigurationList section */
	};
	rootObject = 454B2600210621AD00A1BB8A /* Project object */;
}
